// !$*UTF8*$!
{
	archiveVersion = 1;
	classes = {
	};
	objectVersion = 50;
	objects = {

/* Begin PBXBuildFile section */
		FD94A90025A6E73B00ED9F4B /* HomeVCUITests.swift in Sources */ = {isa = PBXBuildFile; fileRef = FD94A8FF25A6E73B00ED9F4B /* HomeVCUITests.swift */; };
		FD94A90525A6E95B00ED9F4B /* SettingsVCTests.swift in Sources */ = {isa = PBXBuildFile; fileRef = FD94A90425A6E95B00ED9F4B /* SettingsVCTests.swift */; };
		FDB7BC4B25A6795500B5A5CF /* APIManagerTest.swift in Sources */ = {isa = PBXBuildFile; fileRef = FDB7BC4A25A6795500B5A5CF /* APIManagerTest.swift */; };
		FDB7BC5025A6D3C400B5A5CF /* SettingsVCTests.swift in Sources */ = {isa = PBXBuildFile; fileRef = FDB7BC4F25A6D3C400B5A5CF /* SettingsVCTests.swift */; };
		FDF8344025A581E300E250FE /* HomeViewController.swift in Sources */ = {isa = PBXBuildFile; fileRef = FDF8343F25A581E300E250FE /* HomeViewController.swift */; };
		FDF8344125A581E300E250FE /* HomeViewController.swift in Sources */ = {isa = PBXBuildFile; fileRef = FDF8343F25A581E300E250FE /* HomeViewController.swift */; };
		FDF8344225A581E300E250FE /* HomeViewController.swift in Sources */ = {isa = PBXBuildFile; fileRef = FDF8343F25A581E300E250FE /* HomeViewController.swift */; };
		FDF8344A25A58BC900E250FE /* Place.swift in Sources */ = {isa = PBXBuildFile; fileRef = FDF8344925A58BC900E250FE /* Place.swift */; };
		FDF8344B25A58BC900E250FE /* Place.swift in Sources */ = {isa = PBXBuildFile; fileRef = FDF8344925A58BC900E250FE /* Place.swift */; };
		FDF8344C25A58BC900E250FE /* Place.swift in Sources */ = {isa = PBXBuildFile; fileRef = FDF8344925A58BC900E250FE /* Place.swift */; };
		FDF8345A25A58C2D00E250FE /* MapViewModel.swift in Sources */ = {isa = PBXBuildFile; fileRef = FDF8345925A58C2D00E250FE /* MapViewModel.swift */; };
		FDF8345B25A58C2D00E250FE /* MapViewModel.swift in Sources */ = {isa = PBXBuildFile; fileRef = FDF8345925A58C2D00E250FE /* MapViewModel.swift */; };
		FDF8345C25A58C2D00E250FE /* MapViewModel.swift in Sources */ = {isa = PBXBuildFile; fileRef = FDF8345925A58C2D00E250FE /* MapViewModel.swift */; };
		FDF8346425A59FEE00E250FE /* HomeViewModel.swift in Sources */ = {isa = PBXBuildFile; fileRef = FDF8346325A59FEE00E250FE /* HomeViewModel.swift */; };
		FDF8346525A59FEE00E250FE /* HomeViewModel.swift in Sources */ = {isa = PBXBuildFile; fileRef = FDF8346325A59FEE00E250FE /* HomeViewModel.swift */; };
		FDF8346625A59FEE00E250FE /* HomeViewModel.swift in Sources */ = {isa = PBXBuildFile; fileRef = FDF8346325A59FEE00E250FE /* HomeViewModel.swift */; };
		FDF8347225A5ADDB00E250FE /* LocationTempViewController.swift in Sources */ = {isa = PBXBuildFile; fileRef = FDF8347125A5ADDB00E250FE /* LocationTempViewController.swift */; };
		FDF8347325A5ADDB00E250FE /* LocationTempViewController.swift in Sources */ = {isa = PBXBuildFile; fileRef = FDF8347125A5ADDB00E250FE /* LocationTempViewController.swift */; };
		FDF8347425A5ADDB00E250FE /* LocationTempViewController.swift in Sources */ = {isa = PBXBuildFile; fileRef = FDF8347125A5ADDB00E250FE /* LocationTempViewController.swift */; };
		FDF8347825A5AFFD00E250FE /* MyWeatherApp.xcdatamodeld in Sources */ = {isa = PBXBuildFile; fileRef = FDFA17DD25A4C8D100611543 /* MyWeatherApp.xcdatamodeld */; };
		FDF8347C25A5AFFE00E250FE /* MyWeatherApp.xcdatamodeld in Sources */ = {isa = PBXBuildFile; fileRef = FDFA17DD25A4C8D100611543 /* MyWeatherApp.xcdatamodeld */; };
		FDF8348925A5B14A00E250FE /* Favorites+CoreDataClass.swift in Sources */ = {isa = PBXBuildFile; fileRef = FDF8348725A5B14A00E250FE /* Favorites+CoreDataClass.swift */; };
		FDF8348A25A5B14A00E250FE /* Favorites+CoreDataClass.swift in Sources */ = {isa = PBXBuildFile; fileRef = FDF8348725A5B14A00E250FE /* Favorites+CoreDataClass.swift */; };
		FDF8348B25A5B14A00E250FE /* Favorites+CoreDataClass.swift in Sources */ = {isa = PBXBuildFile; fileRef = FDF8348725A5B14A00E250FE /* Favorites+CoreDataClass.swift */; };
		FDF8348C25A5B14A00E250FE /* Favorites+CoreDataProperties.swift in Sources */ = {isa = PBXBuildFile; fileRef = FDF8348825A5B14A00E250FE /* Favorites+CoreDataProperties.swift */; };
		FDF8348D25A5B14A00E250FE /* Favorites+CoreDataProperties.swift in Sources */ = {isa = PBXBuildFile; fileRef = FDF8348825A5B14A00E250FE /* Favorites+CoreDataProperties.swift */; };
		FDF8348E25A5B14A00E250FE /* Favorites+CoreDataProperties.swift in Sources */ = {isa = PBXBuildFile; fileRef = FDF8348825A5B14A00E250FE /* Favorites+CoreDataProperties.swift */; };
		FDF834A425A5BF9D00E250FE /* APIManager.swift in Sources */ = {isa = PBXBuildFile; fileRef = FDF834A325A5BF9D00E250FE /* APIManager.swift */; };
		FDF834A525A5BF9D00E250FE /* APIManager.swift in Sources */ = {isa = PBXBuildFile; fileRef = FDF834A325A5BF9D00E250FE /* APIManager.swift */; };
		FDF834A625A5BF9D00E250FE /* APIManager.swift in Sources */ = {isa = PBXBuildFile; fileRef = FDF834A325A5BF9D00E250FE /* APIManager.swift */; };
		FDF834AC25A5C03100E250FE /* URL+Extensions.swift in Sources */ = {isa = PBXBuildFile; fileRef = FDF834AB25A5C03100E250FE /* URL+Extensions.swift */; };
		FDF834AD25A5C03100E250FE /* URL+Extensions.swift in Sources */ = {isa = PBXBuildFile; fileRef = FDF834AB25A5C03100E250FE /* URL+Extensions.swift */; };
		FDF834AE25A5C03100E250FE /* URL+Extensions.swift in Sources */ = {isa = PBXBuildFile; fileRef = FDF834AB25A5C03100E250FE /* URL+Extensions.swift */; };
		FDF834B625A5C04C00E250FE /* String+Extensions.swift in Sources */ = {isa = PBXBuildFile; fileRef = FDF834B525A5C04C00E250FE /* String+Extensions.swift */; };
		FDF834B725A5C04C00E250FE /* String+Extensions.swift in Sources */ = {isa = PBXBuildFile; fileRef = FDF834B525A5C04C00E250FE /* String+Extensions.swift */; };
		FDF834B825A5C04C00E250FE /* String+Extensions.swift in Sources */ = {isa = PBXBuildFile; fileRef = FDF834B525A5C04C00E250FE /* String+Extensions.swift */; };
		FDF834C025A5C05E00E250FE /* Double+Extensions.swift in Sources */ = {isa = PBXBuildFile; fileRef = FDF834BF25A5C05E00E250FE /* Double+Extensions.swift */; };
		FDF834C125A5C05E00E250FE /* Double+Extensions.swift in Sources */ = {isa = PBXBuildFile; fileRef = FDF834BF25A5C05E00E250FE /* Double+Extensions.swift */; };
		FDF834C225A5C05E00E250FE /* Double+Extensions.swift in Sources */ = {isa = PBXBuildFile; fileRef = FDF834BF25A5C05E00E250FE /* Double+Extensions.swift */; };
		FDF834CB25A5C0EC00E250FE /* WeatherResponse.swift in Sources */ = {isa = PBXBuildFile; fileRef = FDF834CA25A5C0EC00E250FE /* WeatherResponse.swift */; };
		FDF834CC25A5C0EC00E250FE /* WeatherResponse.swift in Sources */ = {isa = PBXBuildFile; fileRef = FDF834CA25A5C0EC00E250FE /* WeatherResponse.swift */; };
		FDF834CD25A5C0EC00E250FE /* WeatherResponse.swift in Sources */ = {isa = PBXBuildFile; fileRef = FDF834CA25A5C0EC00E250FE /* WeatherResponse.swift */; };
		FDF834D525A5C16A00E250FE /* LocationTempViewModel.swift in Sources */ = {isa = PBXBuildFile; fileRef = FDF834D425A5C16A00E250FE /* LocationTempViewModel.swift */; };
		FDF834D625A5C16A00E250FE /* LocationTempViewModel.swift in Sources */ = {isa = PBXBuildFile; fileRef = FDF834D425A5C16A00E250FE /* LocationTempViewModel.swift */; };
		FDF834D725A5C16A00E250FE /* LocationTempViewModel.swift in Sources */ = {isa = PBXBuildFile; fileRef = FDF834D425A5C16A00E250FE /* LocationTempViewModel.swift */; };
		FDF834FD25A5DE9E00E250FE /* TempCollectionViewCell.swift in Sources */ = {isa = PBXBuildFile; fileRef = FDF834FC25A5DE9E00E250FE /* TempCollectionViewCell.swift */; };
		FDF834FE25A5DE9E00E250FE /* TempCollectionViewCell.swift in Sources */ = {isa = PBXBuildFile; fileRef = FDF834FC25A5DE9E00E250FE /* TempCollectionViewCell.swift */; };
		FDF834FF25A5DE9E00E250FE /* TempCollectionViewCell.swift in Sources */ = {isa = PBXBuildFile; fileRef = FDF834FC25A5DE9E00E250FE /* TempCollectionViewCell.swift */; };
		FDF8352325A6445C00E250FE /* WeatherAPIHelp.html in Resources */ = {isa = PBXBuildFile; fileRef = FDF8352225A6445C00E250FE /* WeatherAPIHelp.html */; };
		FDF8352425A6445C00E250FE /* WeatherAPIHelp.html in Resources */ = {isa = PBXBuildFile; fileRef = FDF8352225A6445C00E250FE /* WeatherAPIHelp.html */; };
		FDF8352525A6445C00E250FE /* WeatherAPIHelp.html in Resources */ = {isa = PBXBuildFile; fileRef = FDF8352225A6445C00E250FE /* WeatherAPIHelp.html */; };
		FDF8352D25A644C500E250FE /* HelpViewController.swift in Sources */ = {isa = PBXBuildFile; fileRef = FDF8352C25A644C500E250FE /* HelpViewController.swift */; };
		FDF8352E25A644C500E250FE /* HelpViewController.swift in Sources */ = {isa = PBXBuildFile; fileRef = FDF8352C25A644C500E250FE /* HelpViewController.swift */; };
		FDF8352F25A644C500E250FE /* HelpViewController.swift in Sources */ = {isa = PBXBuildFile; fileRef = FDF8352C25A644C500E250FE /* HelpViewController.swift */; };
		FDF8354425A64F6B00E250FE /* Constant.swift in Sources */ = {isa = PBXBuildFile; fileRef = FDF8354325A64F6B00E250FE /* Constant.swift */; };
		FDF8354525A64F6B00E250FE /* Constant.swift in Sources */ = {isa = PBXBuildFile; fileRef = FDF8354325A64F6B00E250FE /* Constant.swift */; };
		FDF8354625A64F6B00E250FE /* Constant.swift in Sources */ = {isa = PBXBuildFile; fileRef = FDF8354325A64F6B00E250FE /* Constant.swift */; };
		FDF8354F25A65F1D00E250FE /* WebKit.framework in Frameworks */ = {isa = PBXBuildFile; fileRef = FDF8354E25A65F1D00E250FE /* WebKit.framework */; };
		FDFA17D525A4C8D100611543 /* AppDelegate.swift in Sources */ = {isa = PBXBuildFile; fileRef = FDFA17D425A4C8D100611543 /* AppDelegate.swift */; };
		FDFA17DC25A4C8D100611543 /* Main.storyboard in Resources */ = {isa = PBXBuildFile; fileRef = FDFA17DA25A4C8D100611543 /* Main.storyboard */; };
		FDFA17DF25A4C8D100611543 /* MyWeatherApp.xcdatamodeld in Sources */ = {isa = PBXBuildFile; fileRef = FDFA17DD25A4C8D100611543 /* MyWeatherApp.xcdatamodeld */; };
		FDFA17E125A4C8D600611543 /* Assets.xcassets in Resources */ = {isa = PBXBuildFile; fileRef = FDFA17E025A4C8D600611543 /* Assets.xcassets */; };
		FDFA17E425A4C8D600611543 /* LaunchScreen.storyboard in Resources */ = {isa = PBXBuildFile; fileRef = FDFA17E225A4C8D600611543 /* LaunchScreen.storyboard */; };
		FDFA17EF25A4C8D600611543 /* MyWeatherAppTests.swift in Sources */ = {isa = PBXBuildFile; fileRef = FDFA17EE25A4C8D600611543 /* MyWeatherAppTests.swift */; };
		FDFA17FA25A4C8D700611543 /* MyWeatherAppUITests.swift in Sources */ = {isa = PBXBuildFile; fileRef = FDFA17F925A4C8D700611543 /* MyWeatherAppUITests.swift */; };
		FDFA180C25A4F00E00611543 /* DataManagerTest.swift in Sources */ = {isa = PBXBuildFile; fileRef = FDFA180B25A4F00E00611543 /* DataManagerTest.swift */; };
		FDFA181E25A4F20400611543 /* SettingsViewController.swift in Sources */ = {isa = PBXBuildFile; fileRef = FDFA181D25A4F20400611543 /* SettingsViewController.swift */; };
		FDFA183225A4F6AA00611543 /* MapViewController.swift in Sources */ = {isa = PBXBuildFile; fileRef = FDFA182E25A4F6AA00611543 /* MapViewController.swift */; };
		FDFA183325A4F6AA00611543 /* MapViewController.swift in Sources */ = {isa = PBXBuildFile; fileRef = FDFA182E25A4F6AA00611543 /* MapViewController.swift */; };
		FDFA183425A4F6AA00611543 /* MapViewController.swift in Sources */ = {isa = PBXBuildFile; fileRef = FDFA182E25A4F6AA00611543 /* MapViewController.swift */; };
		FDFA185125A52BB700611543 /* LocationTableViewCell.swift in Sources */ = {isa = PBXBuildFile; fileRef = FDFA185025A52BB600611543 /* LocationTableViewCell.swift */; };
		FDFA185225A52BB700611543 /* LocationTableViewCell.swift in Sources */ = {isa = PBXBuildFile; fileRef = FDFA185025A52BB600611543 /* LocationTableViewCell.swift */; };
		FDFA185325A52BB700611543 /* LocationTableViewCell.swift in Sources */ = {isa = PBXBuildFile; fileRef = FDFA185025A52BB600611543 /* LocationTableViewCell.swift */; };
		FDFA185825A536E700611543 /* DataManager.swift in Sources */ = {isa = PBXBuildFile; fileRef = FDFA185725A536E600611543 /* DataManager.swift */; };
		FDFA185925A536E700611543 /* DataManager.swift in Sources */ = {isa = PBXBuildFile; fileRef = FDFA185725A536E600611543 /* DataManager.swift */; };
		FDFA185A25A536E700611543 /* DataManager.swift in Sources */ = {isa = PBXBuildFile; fileRef = FDFA185725A536E600611543 /* DataManager.swift */; };
/* End PBXBuildFile section */

/* Begin PBXContainerItemProxy section */
		FDFA17EB25A4C8D600611543 /* PBXContainerItemProxy */ = {
			isa = PBXContainerItemProxy;
			containerPortal = FDFA17C925A4C8D100611543 /* Project object */;
			proxyType = 1;
			remoteGlobalIDString = FDFA17D025A4C8D100611543;
			remoteInfo = MyWeatherApp;
		};
		FDFA17F625A4C8D600611543 /* PBXContainerItemProxy */ = {
			isa = PBXContainerItemProxy;
			containerPortal = FDFA17C925A4C8D100611543 /* Project object */;
			proxyType = 1;
			remoteGlobalIDString = FDFA17D025A4C8D100611543;
			remoteInfo = MyWeatherApp;
		};
/* End PBXContainerItemProxy section */

/* Begin PBXFileReference section */
		FD94A8FF25A6E73B00ED9F4B /* HomeVCUITests.swift */ = {isa = PBXFileReference; lastKnownFileType = sourcecode.swift; path = HomeVCUITests.swift; sourceTree = "<group>"; };
		FD94A90425A6E95B00ED9F4B /* SettingsVCTests.swift */ = {isa = PBXFileReference; lastKnownFileType = sourcecode.swift; path = SettingsVCTests.swift; sourceTree = "<group>"; };
		FDB7BC4A25A6795500B5A5CF /* APIManagerTest.swift */ = {isa = PBXFileReference; lastKnownFileType = sourcecode.swift; path = APIManagerTest.swift; sourceTree = "<group>"; };
		FDB7BC4F25A6D3C400B5A5CF /* SettingsVCTests.swift */ = {isa = PBXFileReference; lastKnownFileType = sourcecode.swift; path = SettingsVCTests.swift; sourceTree = "<group>"; };
		FDF8343F25A581E300E250FE /* HomeViewController.swift */ = {isa = PBXFileReference; fileEncoding = 4; lastKnownFileType = sourcecode.swift; path = HomeViewController.swift; sourceTree = "<group>"; };
		FDF8344925A58BC900E250FE /* Place.swift */ = {isa = PBXFileReference; lastKnownFileType = sourcecode.swift; path = Place.swift; sourceTree = "<group>"; };
		FDF8345925A58C2D00E250FE /* MapViewModel.swift */ = {isa = PBXFileReference; lastKnownFileType = sourcecode.swift; path = MapViewModel.swift; sourceTree = "<group>"; };
		FDF8346325A59FEE00E250FE /* HomeViewModel.swift */ = {isa = PBXFileReference; lastKnownFileType = sourcecode.swift; path = HomeViewModel.swift; sourceTree = "<group>"; };
		FDF8347125A5ADDB00E250FE /* LocationTempViewController.swift */ = {isa = PBXFileReference; lastKnownFileType = sourcecode.swift; path = LocationTempViewController.swift; sourceTree = "<group>"; };
		FDF8348025A5B0DA00E250FE /* MyWeatherApp 2.xcdatamodel */ = {isa = PBXFileReference; lastKnownFileType = wrapper.xcdatamodel; path = "MyWeatherApp 2.xcdatamodel"; sourceTree = "<group>"; };
		FDF8348725A5B14A00E250FE /* Favorites+CoreDataClass.swift */ = {isa = PBXFileReference; lastKnownFileType = sourcecode.swift; path = "Favorites+CoreDataClass.swift"; sourceTree = "<group>"; };
		FDF8348825A5B14A00E250FE /* Favorites+CoreDataProperties.swift */ = {isa = PBXFileReference; lastKnownFileType = sourcecode.swift; path = "Favorites+CoreDataProperties.swift"; sourceTree = "<group>"; };
		FDF834A325A5BF9D00E250FE /* APIManager.swift */ = {isa = PBXFileReference; lastKnownFileType = sourcecode.swift; path = APIManager.swift; sourceTree = "<group>"; };
		FDF834AB25A5C03100E250FE /* URL+Extensions.swift */ = {isa = PBXFileReference; fileEncoding = 4; lastKnownFileType = sourcecode.swift; path = "URL+Extensions.swift"; sourceTree = "<group>"; };
		FDF834B525A5C04C00E250FE /* String+Extensions.swift */ = {isa = PBXFileReference; fileEncoding = 4; lastKnownFileType = sourcecode.swift; path = "String+Extensions.swift"; sourceTree = "<group>"; };
		FDF834BF25A5C05E00E250FE /* Double+Extensions.swift */ = {isa = PBXFileReference; fileEncoding = 4; lastKnownFileType = sourcecode.swift; path = "Double+Extensions.swift"; sourceTree = "<group>"; };
		FDF834CA25A5C0EC00E250FE /* WeatherResponse.swift */ = {isa = PBXFileReference; fileEncoding = 4; lastKnownFileType = sourcecode.swift; path = WeatherResponse.swift; sourceTree = "<group>"; };
		FDF834D425A5C16A00E250FE /* LocationTempViewModel.swift */ = {isa = PBXFileReference; lastKnownFileType = sourcecode.swift; path = LocationTempViewModel.swift; sourceTree = "<group>"; };
		FDF834FC25A5DE9E00E250FE /* TempCollectionViewCell.swift */ = {isa = PBXFileReference; lastKnownFileType = sourcecode.swift; path = TempCollectionViewCell.swift; sourceTree = "<group>"; };
		FDF8352225A6445C00E250FE /* WeatherAPIHelp.html */ = {isa = PBXFileReference; fileEncoding = 4; lastKnownFileType = text.html; path = WeatherAPIHelp.html; sourceTree = "<group>"; };
		FDF8352C25A644C500E250FE /* HelpViewController.swift */ = {isa = PBXFileReference; lastKnownFileType = sourcecode.swift; path = HelpViewController.swift; sourceTree = "<group>"; };
		FDF8354325A64F6B00E250FE /* Constant.swift */ = {isa = PBXFileReference; lastKnownFileType = sourcecode.swift; path = Constant.swift; sourceTree = "<group>"; };
		FDF8354E25A65F1D00E250FE /* WebKit.framework */ = {isa = PBXFileReference; lastKnownFileType = wrapper.framework; name = WebKit.framework; path = System/Library/Frameworks/WebKit.framework; sourceTree = SDKROOT; };
		FDFA17D125A4C8D100611543 /* MyWeatherApp.app */ = {isa = PBXFileReference; explicitFileType = wrapper.application; includeInIndex = 0; path = MyWeatherApp.app; sourceTree = BUILT_PRODUCTS_DIR; };
		FDFA17D425A4C8D100611543 /* AppDelegate.swift */ = {isa = PBXFileReference; lastKnownFileType = sourcecode.swift; path = AppDelegate.swift; sourceTree = "<group>"; };
		FDFA17DB25A4C8D100611543 /* Base */ = {isa = PBXFileReference; lastKnownFileType = file.storyboard; name = Base; path = Base.lproj/Main.storyboard; sourceTree = "<group>"; };
		FDFA17DE25A4C8D100611543 /* MyWeatherApp.xcdatamodel */ = {isa = PBXFileReference; lastKnownFileType = wrapper.xcdatamodel; path = MyWeatherApp.xcdatamodel; sourceTree = "<group>"; };
		FDFA17E025A4C8D600611543 /* Assets.xcassets */ = {isa = PBXFileReference; lastKnownFileType = folder.assetcatalog; path = Assets.xcassets; sourceTree = "<group>"; };
		FDFA17E325A4C8D600611543 /* Base */ = {isa = PBXFileReference; lastKnownFileType = file.storyboard; name = Base; path = Base.lproj/LaunchScreen.storyboard; sourceTree = "<group>"; };
		FDFA17E525A4C8D600611543 /* Info.plist */ = {isa = PBXFileReference; lastKnownFileType = text.plist.xml; path = Info.plist; sourceTree = "<group>"; };
		FDFA17EA25A4C8D600611543 /* MyWeatherAppTests.xctest */ = {isa = PBXFileReference; explicitFileType = wrapper.cfbundle; includeInIndex = 0; path = MyWeatherAppTests.xctest; sourceTree = BUILT_PRODUCTS_DIR; };
		FDFA17EE25A4C8D600611543 /* MyWeatherAppTests.swift */ = {isa = PBXFileReference; lastKnownFileType = sourcecode.swift; path = MyWeatherAppTests.swift; sourceTree = "<group>"; };
		FDFA17F025A4C8D600611543 /* Info.plist */ = {isa = PBXFileReference; lastKnownFileType = text.plist.xml; path = Info.plist; sourceTree = "<group>"; };
		FDFA17F525A4C8D600611543 /* MyWeatherAppUITests.xctest */ = {isa = PBXFileReference; explicitFileType = wrapper.cfbundle; includeInIndex = 0; path = MyWeatherAppUITests.xctest; sourceTree = BUILT_PRODUCTS_DIR; };
		FDFA17F925A4C8D700611543 /* MyWeatherAppUITests.swift */ = {isa = PBXFileReference; lastKnownFileType = sourcecode.swift; path = MyWeatherAppUITests.swift; sourceTree = "<group>"; };
		FDFA17FB25A4C8D700611543 /* Info.plist */ = {isa = PBXFileReference; lastKnownFileType = text.plist.xml; path = Info.plist; sourceTree = "<group>"; };
		FDFA180B25A4F00E00611543 /* DataManagerTest.swift */ = {isa = PBXFileReference; lastKnownFileType = sourcecode.swift; path = DataManagerTest.swift; sourceTree = "<group>"; };
		FDFA181D25A4F20400611543 /* SettingsViewController.swift */ = {isa = PBXFileReference; lastKnownFileType = sourcecode.swift; path = SettingsViewController.swift; sourceTree = "<group>"; };
		FDFA182E25A4F6AA00611543 /* MapViewController.swift */ = {isa = PBXFileReference; fileEncoding = 4; lastKnownFileType = sourcecode.swift; path = MapViewController.swift; sourceTree = "<group>"; };
		FDFA185025A52BB600611543 /* LocationTableViewCell.swift */ = {isa = PBXFileReference; lastKnownFileType = sourcecode.swift; path = LocationTableViewCell.swift; sourceTree = "<group>"; };
		FDFA185725A536E600611543 /* DataManager.swift */ = {isa = PBXFileReference; lastKnownFileType = sourcecode.swift; path = DataManager.swift; sourceTree = "<group>"; };
/* End PBXFileReference section */

/* Begin PBXFrameworksBuildPhase section */
		FDFA17CE25A4C8D100611543 /* Frameworks */ = {
			isa = PBXFrameworksBuildPhase;
			buildActionMask = 2147483647;
			files = (
				FDF8354F25A65F1D00E250FE /* WebKit.framework in Frameworks */,
			);
			runOnlyForDeploymentPostprocessing = 0;
		};
		FDFA17E725A4C8D600611543 /* Frameworks */ = {
			isa = PBXFrameworksBuildPhase;
			buildActionMask = 2147483647;
			files = (
			);
			runOnlyForDeploymentPostprocessing = 0;
		};
		FDFA17F225A4C8D600611543 /* Frameworks */ = {
			isa = PBXFrameworksBuildPhase;
			buildActionMask = 2147483647;
			files = (
			);
			runOnlyForDeploymentPostprocessing = 0;
		};
/* End PBXFrameworksBuildPhase section */

/* Begin PBXGroup section */
		FDF8345025A58BEA00E250FE /* Model */ = {
			isa = PBXGroup;
			children = (
				FDF8344925A58BC900E250FE /* Place.swift */,
			);
			path = Model;
			sourceTree = "<group>";
		};
		FDF8345125A58BF600E250FE /* LocationCell */ = {
			isa = PBXGroup;
			children = (
				FDFA185025A52BB600611543 /* LocationTableViewCell.swift */,
			);
			path = LocationCell;
			sourceTree = "<group>";
		};
		FDF8345225A58C1500E250FE /* MapSearchLocation */ = {
			isa = PBXGroup;
			children = (
				FDFA182E25A4F6AA00611543 /* MapViewController.swift */,
				FDF8345925A58C2D00E250FE /* MapViewModel.swift */,
			);
			path = MapSearchLocation;
			sourceTree = "<group>";
		};
		FDF8346D25A5AD2C00E250FE /* HomeDetails */ = {
			isa = PBXGroup;
			children = (
				FDF834C925A5C0E000E250FE /* Model */,
				FDF8347125A5ADDB00E250FE /* LocationTempViewController.swift */,
				FDF834D425A5C16A00E250FE /* LocationTempViewModel.swift */,
				FDF834EF25A5DCAF00E250FE /* CollectionCell */,
			);
			path = HomeDetails;
			sourceTree = "<group>";
		};
		FDF8349C25A5BF6A00E250FE /* APIManager */ = {
			isa = PBXGroup;
			children = (
				FDF834A325A5BF9D00E250FE /* APIManager.swift */,
			);
			path = APIManager;
			sourceTree = "<group>";
		};
		FDF834AA25A5C02400E250FE /* Extension */ = {
			isa = PBXGroup;
			children = (
				FDF834AB25A5C03100E250FE /* URL+Extensions.swift */,
				FDF834B525A5C04C00E250FE /* String+Extensions.swift */,
				FDF834BF25A5C05E00E250FE /* Double+Extensions.swift */,
			);
			path = Extension;
			sourceTree = "<group>";
		};
		FDF834C925A5C0E000E250FE /* Model */ = {
			isa = PBXGroup;
			children = (
				FDF834CA25A5C0EC00E250FE /* WeatherResponse.swift */,
			);
			path = Model;
			sourceTree = "<group>";
		};
		FDF834EF25A5DCAF00E250FE /* CollectionCell */ = {
			isa = PBXGroup;
			children = (
				FDF834FC25A5DE9E00E250FE /* TempCollectionViewCell.swift */,
			);
			path = CollectionCell;
			sourceTree = "<group>";
		};
		FDF8352125A6444200E250FE /* Resources */ = {
			isa = PBXGroup;
			children = (
				FDFA17DA25A4C8D100611543 /* Main.storyboard */,
				FDFA17E025A4C8D600611543 /* Assets.xcassets */,
				FDFA17E225A4C8D600611543 /* LaunchScreen.storyboard */,
				FDFA17DD25A4C8D100611543 /* MyWeatherApp.xcdatamodeld */,
			);
			path = Resources;
			sourceTree = "<group>";
		};
		FDF8354225A64F5100E250FE /* Utilities */ = {
			isa = PBXGroup;
			children = (
				FDF8354325A64F6B00E250FE /* Constant.swift */,
			);
			path = Utilities;
			sourceTree = "<group>";
		};
		FDF8354D25A65F1C00E250FE /* Frameworks */ = {
			isa = PBXGroup;
			children = (
				FDF8354E25A65F1D00E250FE /* WebKit.framework */,
			);
			name = Frameworks;
			sourceTree = "<group>";
		};
		FDFA17C825A4C8D100611543 = {
			isa = PBXGroup;
			children = (
				FDFA17D325A4C8D100611543 /* MyWeatherApp */,
				FDFA17ED25A4C8D600611543 /* MyWeatherAppTests */,
				FDFA17F825A4C8D700611543 /* MyWeatherAppUITests */,
				FDFA17D225A4C8D100611543 /* Products */,
				FDF8354D25A65F1C00E250FE /* Frameworks */,
			);
			sourceTree = "<group>";
		};
		FDFA17D225A4C8D100611543 /* Products */ = {
			isa = PBXGroup;
			children = (
				FDFA17D125A4C8D100611543 /* MyWeatherApp.app */,
				FDFA17EA25A4C8D600611543 /* MyWeatherAppTests.xctest */,
				FDFA17F525A4C8D600611543 /* MyWeatherAppUITests.xctest */,
			);
			name = Products;
			sourceTree = "<group>";
		};
		FDFA17D325A4C8D100611543 /* MyWeatherApp */ = {
			isa = PBXGroup;
			children = (
				FDF8352225A6445C00E250FE /* WeatherAPIHelp.html */,
				FDFA17E525A4C8D600611543 /* Info.plist */,
				FDFA17D425A4C8D100611543 /* AppDelegate.swift */,
				FDF8354225A64F5100E250FE /* Utilities */,
				FDF834AA25A5C02400E250FE /* Extension */,
				FDF8349C25A5BF6A00E250FE /* APIManager */,
				FDFA185E25A536EC00611543 /* DataManager */,
				FDFA183B25A4F6B300611543 /* Home */,
				FDFA184225A4F6BD00611543 /* Settings */,
				FDF8352125A6444200E250FE /* Resources */,
			);
			path = MyWeatherApp;
			sourceTree = "<group>";
		};
		FDFA17ED25A4C8D600611543 /* MyWeatherAppTests */ = {
			isa = PBXGroup;
			children = (
				FDFA17EE25A4C8D600611543 /* MyWeatherAppTests.swift */,
				FDFA180B25A4F00E00611543 /* DataManagerTest.swift */,
				FDB7BC4A25A6795500B5A5CF /* APIManagerTest.swift */,
				FDB7BC4F25A6D3C400B5A5CF /* SettingsVCTests.swift */,
				FDFA17F025A4C8D600611543 /* Info.plist */,
			);
			path = MyWeatherAppTests;
			sourceTree = "<group>";
		};
		FDFA17F825A4C8D700611543 /* MyWeatherAppUITests */ = {
			isa = PBXGroup;
			children = (
				FDFA17F925A4C8D700611543 /* MyWeatherAppUITests.swift */,
				FD94A8FF25A6E73B00ED9F4B /* HomeVCUITests.swift */,
				FD94A90425A6E95B00ED9F4B /* SettingsVCTests.swift */,
				FDFA17FB25A4C8D700611543 /* Info.plist */,
			);
			path = MyWeatherAppUITests;
			sourceTree = "<group>";
		};
		FDFA183B25A4F6B300611543 /* Home */ = {
			isa = PBXGroup;
			children = (
				FDF8345025A58BEA00E250FE /* Model */,
				FDF8343F25A581E300E250FE /* HomeViewController.swift */,
				FDF8346325A59FEE00E250FE /* HomeViewModel.swift */,
				FDF8345125A58BF600E250FE /* LocationCell */,
				FDF8346D25A5AD2C00E250FE /* HomeDetails */,
				FDF8345225A58C1500E250FE /* MapSearchLocation */,
			);
			path = Home;
			sourceTree = "<group>";
		};
		FDFA184225A4F6BD00611543 /* Settings */ = {
			isa = PBXGroup;
			children = (
				FDFA181D25A4F20400611543 /* SettingsViewController.swift */,
				FDF8352C25A644C500E250FE /* HelpViewController.swift */,
			);
			path = Settings;
			sourceTree = "<group>";
		};
		FDFA185E25A536EC00611543 /* DataManager */ = {
			isa = PBXGroup;
			children = (
				FDFA187625A5384C00611543 /* FavObjects */,
				FDFA185725A536E600611543 /* DataManager.swift */,
			);
			path = DataManager;
			sourceTree = "<group>";
		};
		FDFA187625A5384C00611543 /* FavObjects */ = {
			isa = PBXGroup;
			children = (
				FDF8348725A5B14A00E250FE /* Favorites+CoreDataClass.swift */,
				FDF8348825A5B14A00E250FE /* Favorites+CoreDataProperties.swift */,
			);
			path = FavObjects;
			sourceTree = "<group>";
		};
/* End PBXGroup section */

/* Begin PBXNativeTarget section */
		FDFA17D025A4C8D100611543 /* MyWeatherApp */ = {
			isa = PBXNativeTarget;
			buildConfigurationList = FDFA17FE25A4C8D700611543 /* Build configuration list for PBXNativeTarget "MyWeatherApp" */;
			buildPhases = (
				FDFA17CD25A4C8D100611543 /* Sources */,
				FDFA17CE25A4C8D100611543 /* Frameworks */,
				FDFA17CF25A4C8D100611543 /* Resources */,
			);
			buildRules = (
			);
			dependencies = (
			);
			name = MyWeatherApp;
			productName = MyWeatherApp;
			productReference = FDFA17D125A4C8D100611543 /* MyWeatherApp.app */;
			productType = "com.apple.product-type.application";
		};
		FDFA17E925A4C8D600611543 /* MyWeatherAppTests */ = {
			isa = PBXNativeTarget;
			buildConfigurationList = FDFA180125A4C8D700611543 /* Build configuration list for PBXNativeTarget "MyWeatherAppTests" */;
			buildPhases = (
				FDFA17E625A4C8D600611543 /* Sources */,
				FDFA17E725A4C8D600611543 /* Frameworks */,
				FDFA17E825A4C8D600611543 /* Resources */,
			);
			buildRules = (
			);
			dependencies = (
				FDFA17EC25A4C8D600611543 /* PBXTargetDependency */,
			);
			name = MyWeatherAppTests;
			productName = MyWeatherAppTests;
			productReference = FDFA17EA25A4C8D600611543 /* MyWeatherAppTests.xctest */;
			productType = "com.apple.product-type.bundle.unit-test";
		};
		FDFA17F425A4C8D600611543 /* MyWeatherAppUITests */ = {
			isa = PBXNativeTarget;
			buildConfigurationList = FDFA180425A4C8D700611543 /* Build configuration list for PBXNativeTarget "MyWeatherAppUITests" */;
			buildPhases = (
				FDFA17F125A4C8D600611543 /* Sources */,
				FDFA17F225A4C8D600611543 /* Frameworks */,
				FDFA17F325A4C8D600611543 /* Resources */,
			);
			buildRules = (
			);
			dependencies = (
				FDFA17F725A4C8D600611543 /* PBXTargetDependency */,
			);
			name = MyWeatherAppUITests;
			productName = MyWeatherAppUITests;
			productReference = FDFA17F525A4C8D600611543 /* MyWeatherAppUITests.xctest */;
			productType = "com.apple.product-type.bundle.ui-testing";
		};
/* End PBXNativeTarget section */

/* Begin PBXProject section */
		FDFA17C925A4C8D100611543 /* Project object */ = {
			isa = PBXProject;
			attributes = {
				LastSwiftUpdateCheck = 1220;
				LastUpgradeCheck = 1220;
				TargetAttributes = {
					FDFA17D025A4C8D100611543 = {
						CreatedOnToolsVersion = 12.2;
					};
					FDFA17E925A4C8D600611543 = {
						CreatedOnToolsVersion = 12.2;
						TestTargetID = FDFA17D025A4C8D100611543;
					};
					FDFA17F425A4C8D600611543 = {
						CreatedOnToolsVersion = 12.2;
						TestTargetID = FDFA17D025A4C8D100611543;
					};
				};
			};
			buildConfigurationList = FDFA17CC25A4C8D100611543 /* Build configuration list for PBXProject "MyWeatherApp" */;
			compatibilityVersion = "Xcode 9.3";
			developmentRegion = en;
			hasScannedForEncodings = 0;
			knownRegions = (
				en,
				Base,
			);
			mainGroup = FDFA17C825A4C8D100611543;
			productRefGroup = FDFA17D225A4C8D100611543 /* Products */;
			projectDirPath = "";
			projectRoot = "";
			targets = (
				FDFA17D025A4C8D100611543 /* MyWeatherApp */,
				FDFA17E925A4C8D600611543 /* MyWeatherAppTests */,
				FDFA17F425A4C8D600611543 /* MyWeatherAppUITests */,
			);
		};
/* End PBXProject section */

/* Begin PBXResourcesBuildPhase section */
		FDFA17CF25A4C8D100611543 /* Resources */ = {
			isa = PBXResourcesBuildPhase;
			buildActionMask = 2147483647;
			files = (
				FDFA17E425A4C8D600611543 /* LaunchScreen.storyboard in Resources */,
				FDF8352325A6445C00E250FE /* WeatherAPIHelp.html in Resources */,
				FDFA17E125A4C8D600611543 /* Assets.xcassets in Resources */,
				FDFA17DC25A4C8D100611543 /* Main.storyboard in Resources */,
			);
			runOnlyForDeploymentPostprocessing = 0;
		};
		FDFA17E825A4C8D600611543 /* Resources */ = {
			isa = PBXResourcesBuildPhase;
			buildActionMask = 2147483647;
			files = (
				FDF8352425A6445C00E250FE /* WeatherAPIHelp.html in Resources */,
			);
			runOnlyForDeploymentPostprocessing = 0;
		};
		FDFA17F325A4C8D600611543 /* Resources */ = {
			isa = PBXResourcesBuildPhase;
			buildActionMask = 2147483647;
			files = (
				FDF8352525A6445C00E250FE /* WeatherAPIHelp.html in Resources */,
			);
			runOnlyForDeploymentPostprocessing = 0;
		};
/* End PBXResourcesBuildPhase section */

/* Begin PBXSourcesBuildPhase section */
		FDFA17CD25A4C8D100611543 /* Sources */ = {
			isa = PBXSourcesBuildPhase;
			buildActionMask = 2147483647;
			files = (
				FDFA183225A4F6AA00611543 /* MapViewController.swift in Sources */,
				FDF8348925A5B14A00E250FE /* Favorites+CoreDataClass.swift in Sources */,
				FDF8344A25A58BC900E250FE /* Place.swift in Sources */,
				FDF8348C25A5B14A00E250FE /* Favorites+CoreDataProperties.swift in Sources */,
				FDF834FD25A5DE9E00E250FE /* TempCollectionViewCell.swift in Sources */,
				FDF8345A25A58C2D00E250FE /* MapViewModel.swift in Sources */,
				FDFA185125A52BB700611543 /* LocationTableViewCell.swift in Sources */,
				FDF8352D25A644C500E250FE /* HelpViewController.swift in Sources */,
				FDFA17DF25A4C8D100611543 /* MyWeatherApp.xcdatamodeld in Sources */,
				FDFA17D525A4C8D100611543 /* AppDelegate.swift in Sources */,
				FDF834D525A5C16A00E250FE /* LocationTempViewModel.swift in Sources */,
				FDF8346425A59FEE00E250FE /* HomeViewModel.swift in Sources */,
				FDF8344025A581E300E250FE /* HomeViewController.swift in Sources */,
				FDFA181E25A4F20400611543 /* SettingsViewController.swift in Sources */,
				FDF834C025A5C05E00E250FE /* Double+Extensions.swift in Sources */,
				FDF834B625A5C04C00E250FE /* String+Extensions.swift in Sources */,
				FDF834CB25A5C0EC00E250FE /* WeatherResponse.swift in Sources */,
				FDF834A425A5BF9D00E250FE /* APIManager.swift in Sources */,
				FDF834AC25A5C03100E250FE /* URL+Extensions.swift in Sources */,
				FDF8354425A64F6B00E250FE /* Constant.swift in Sources */,
				FDF8347225A5ADDB00E250FE /* LocationTempViewController.swift in Sources */,
				FDFA185825A536E700611543 /* DataManager.swift in Sources */,
			);
			runOnlyForDeploymentPostprocessing = 0;
		};
		FDFA17E625A4C8D600611543 /* Sources */ = {
			isa = PBXSourcesBuildPhase;
			buildActionMask = 2147483647;
			files = (
				FDF8347825A5AFFD00E250FE /* MyWeatherApp.xcdatamodeld in Sources */,
				FDFA185225A52BB700611543 /* LocationTableViewCell.swift in Sources */,
				FDF8348D25A5B14A00E250FE /* Favorites+CoreDataProperties.swift in Sources */,
				FDFA180C25A4F00E00611543 /* DataManagerTest.swift in Sources */,
				FDF834B725A5C04C00E250FE /* String+Extensions.swift in Sources */,
				FDF834C125A5C05E00E250FE /* Double+Extensions.swift in Sources */,
				FDFA17EF25A4C8D600611543 /* MyWeatherAppTests.swift in Sources */,
				FDF8352E25A644C500E250FE /* HelpViewController.swift in Sources */,
				FDF834CC25A5C0EC00E250FE /* WeatherResponse.swift in Sources */,
				FDFA185925A536E700611543 /* DataManager.swift in Sources */,
				FDF834A525A5BF9D00E250FE /* APIManager.swift in Sources */,
				FDF834AD25A5C03100E250FE /* URL+Extensions.swift in Sources */,
				FDB7BC4B25A6795500B5A5CF /* APIManagerTest.swift in Sources */,
				FDB7BC5025A6D3C400B5A5CF /* SettingsVCTests.swift in Sources */,
				FDF8344125A581E300E250FE /* HomeViewController.swift in Sources */,
				FDF834FE25A5DE9E00E250FE /* TempCollectionViewCell.swift in Sources */,
				FDF8345B25A58C2D00E250FE /* MapViewModel.swift in Sources */,
				FDF8346525A59FEE00E250FE /* HomeViewModel.swift in Sources */,
				FDFA183325A4F6AA00611543 /* MapViewController.swift in Sources */,
				FDF834D625A5C16A00E250FE /* LocationTempViewModel.swift in Sources */,
				FDF8347325A5ADDB00E250FE /* LocationTempViewController.swift in Sources */,
				FDF8354525A64F6B00E250FE /* Constant.swift in Sources */,
				FDF8344B25A58BC900E250FE /* Place.swift in Sources */,
				FDF8348A25A5B14A00E250FE /* Favorites+CoreDataClass.swift in Sources */,
			);
			runOnlyForDeploymentPostprocessing = 0;
		};
		FDFA17F125A4C8D600611543 /* Sources */ = {
			isa = PBXSourcesBuildPhase;
			buildActionMask = 2147483647;
			files = (
				FDF834FF25A5DE9E00E250FE /* TempCollectionViewCell.swift in Sources */,
				FD94A90025A6E73B00ED9F4B /* HomeVCUITests.swift in Sources */,
				FDFA17FA25A4C8D700611543 /* MyWeatherAppUITests.swift in Sources */,
				FDF834AE25A5C03100E250FE /* URL+Extensions.swift in Sources */,
				FDF8346625A59FEE00E250FE /* HomeViewModel.swift in Sources */,
				FDF8345C25A58C2D00E250FE /* MapViewModel.swift in Sources */,
				FD94A90525A6E95B00ED9F4B /* SettingsVCTests.swift in Sources */,
				FDFA185A25A536E700611543 /* DataManager.swift in Sources */,
				FDF8347C25A5AFFE00E250FE /* MyWeatherApp.xcdatamodeld in Sources */,
				FDFA185325A52BB700611543 /* LocationTableViewCell.swift in Sources */,
				FDF8344225A581E300E250FE /* HomeViewController.swift in Sources */,
				FDF834CD25A5C0EC00E250FE /* WeatherResponse.swift in Sources */,
				FDF834C225A5C05E00E250FE /* Double+Extensions.swift in Sources */,
				FDF8348E25A5B14A00E250FE /* Favorites+CoreDataProperties.swift in Sources */,
				FDFA183425A4F6AA00611543 /* MapViewController.swift in Sources */,
				FDF834B825A5C04C00E250FE /* String+Extensions.swift in Sources */,
				FDF8354625A64F6B00E250FE /* Constant.swift in Sources */,
				FDF8348B25A5B14A00E250FE /* Favorites+CoreDataClass.swift in Sources */,
				FDF834A625A5BF9D00E250FE /* APIManager.swift in Sources */,
				FDF834D725A5C16A00E250FE /* LocationTempViewModel.swift in Sources */,
				FDF8344C25A58BC900E250FE /* Place.swift in Sources */,
				FDF8347425A5ADDB00E250FE /* LocationTempViewController.swift in Sources */,
				FDF8352F25A644C500E250FE /* HelpViewController.swift in Sources */,
			);
			runOnlyForDeploymentPostprocessing = 0;
		};
/* End PBXSourcesBuildPhase section */

/* Begin PBXTargetDependency section */
		FDFA17EC25A4C8D600611543 /* PBXTargetDependency */ = {
			isa = PBXTargetDependency;
			target = FDFA17D025A4C8D100611543 /* MyWeatherApp */;
			targetProxy = FDFA17EB25A4C8D600611543 /* PBXContainerItemProxy */;
		};
		FDFA17F725A4C8D600611543 /* PBXTargetDependency */ = {
			isa = PBXTargetDependency;
			target = FDFA17D025A4C8D100611543 /* MyWeatherApp */;
			targetProxy = FDFA17F625A4C8D600611543 /* PBXContainerItemProxy */;
		};
/* End PBXTargetDependency section */

/* Begin PBXVariantGroup section */
		FDFA17DA25A4C8D100611543 /* Main.storyboard */ = {
			isa = PBXVariantGroup;
			children = (
				FDFA17DB25A4C8D100611543 /* Base */,
			);
			name = Main.storyboard;
			sourceTree = "<group>";
		};
		FDFA17E225A4C8D600611543 /* LaunchScreen.storyboard */ = {
			isa = PBXVariantGroup;
			children = (
				FDFA17E325A4C8D600611543 /* Base */,
			);
			name = LaunchScreen.storyboard;
			sourceTree = "<group>";
		};
/* End PBXVariantGroup section */

/* Begin XCBuildConfiguration section */
		FDFA17FC25A4C8D700611543 /* Debug */ = {
			isa = XCBuildConfiguration;
			buildSettings = {
				ALWAYS_SEARCH_USER_PATHS = NO;
				CLANG_ANALYZER_NONNULL = YES;
				CLANG_ANALYZER_NUMBER_OBJECT_CONVERSION = YES_AGGRESSIVE;
				CLANG_CXX_LANGUAGE_STANDARD = "gnu++14";
				CLANG_CXX_LIBRARY = "libc++";
				CLANG_ENABLE_MODULES = YES;
				CLANG_ENABLE_OBJC_ARC = YES;
				CLANG_ENABLE_OBJC_WEAK = YES;
				CLANG_WARN_BLOCK_CAPTURE_AUTORELEASING = YES;
				CLANG_WARN_BOOL_CONVERSION = YES;
				CLANG_WARN_COMMA = YES;
				CLANG_WARN_CONSTANT_CONVERSION = YES;
				CLANG_WARN_DEPRECATED_OBJC_IMPLEMENTATIONS = YES;
				CLANG_WARN_DIRECT_OBJC_ISA_USAGE = YES_ERROR;
				CLANG_WARN_DOCUMENTATION_COMMENTS = YES;
				CLANG_WARN_EMPTY_BODY = YES;
				CLANG_WARN_ENUM_CONVERSION = YES;
				CLANG_WARN_INFINITE_RECURSION = YES;
				CLANG_WARN_INT_CONVERSION = YES;
				CLANG_WARN_NON_LITERAL_NULL_CONVERSION = YES;
				CLANG_WARN_OBJC_IMPLICIT_RETAIN_SELF = YES;
				CLANG_WARN_OBJC_LITERAL_CONVERSION = YES;
				CLANG_WARN_OBJC_ROOT_CLASS = YES_ERROR;
				CLANG_WARN_QUOTED_INCLUDE_IN_FRAMEWORK_HEADER = YES;
				CLANG_WARN_RANGE_LOOP_ANALYSIS = YES;
				CLANG_WARN_STRICT_PROTOTYPES = YES;
				CLANG_WARN_SUSPICIOUS_MOVE = YES;
				CLANG_WARN_UNGUARDED_AVAILABILITY = YES_AGGRESSIVE;
				CLANG_WARN_UNREACHABLE_CODE = YES;
				CLANG_WARN__DUPLICATE_METHOD_MATCH = YES;
				COPY_PHASE_STRIP = NO;
				DEBUG_INFORMATION_FORMAT = dwarf;
				ENABLE_STRICT_OBJC_MSGSEND = YES;
				ENABLE_TESTABILITY = YES;
				GCC_C_LANGUAGE_STANDARD = gnu11;
				GCC_DYNAMIC_NO_PIC = NO;
				GCC_NO_COMMON_BLOCKS = YES;
				GCC_OPTIMIZATION_LEVEL = 0;
				GCC_PREPROCESSOR_DEFINITIONS = (
					"DEBUG=1",
					"$(inherited)",
				);
				GCC_WARN_64_TO_32_BIT_CONVERSION = YES;
				GCC_WARN_ABOUT_RETURN_TYPE = YES_ERROR;
				GCC_WARN_UNDECLARED_SELECTOR = YES;
				GCC_WARN_UNINITIALIZED_AUTOS = YES_AGGRESSIVE;
				GCC_WARN_UNUSED_FUNCTION = YES;
				GCC_WARN_UNUSED_VARIABLE = YES;
				IPHONEOS_DEPLOYMENT_TARGET = 14.2;
				MTL_ENABLE_DEBUG_INFO = INCLUDE_SOURCE;
				MTL_FAST_MATH = YES;
				ONLY_ACTIVE_ARCH = YES;
				SDKROOT = iphoneos;
				SWIFT_ACTIVE_COMPILATION_CONDITIONS = DEBUG;
				SWIFT_OPTIMIZATION_LEVEL = "-Onone";
			};
			name = Debug;
		};
		FDFA17FD25A4C8D700611543 /* Release */ = {
			isa = XCBuildConfiguration;
			buildSettings = {
				ALWAYS_SEARCH_USER_PATHS = NO;
				CLANG_ANALYZER_NONNULL = YES;
				CLANG_ANALYZER_NUMBER_OBJECT_CONVERSION = YES_AGGRESSIVE;
				CLANG_CXX_LANGUAGE_STANDARD = "gnu++14";
				CLANG_CXX_LIBRARY = "libc++";
				CLANG_ENABLE_MODULES = YES;
				CLANG_ENABLE_OBJC_ARC = YES;
				CLANG_ENABLE_OBJC_WEAK = YES;
				CLANG_WARN_BLOCK_CAPTURE_AUTORELEASING = YES;
				CLANG_WARN_BOOL_CONVERSION = YES;
				CLANG_WARN_COMMA = YES;
				CLANG_WARN_CONSTANT_CONVERSION = YES;
				CLANG_WARN_DEPRECATED_OBJC_IMPLEMENTATIONS = YES;
				CLANG_WARN_DIRECT_OBJC_ISA_USAGE = YES_ERROR;
				CLANG_WARN_DOCUMENTATION_COMMENTS = YES;
				CLANG_WARN_EMPTY_BODY = YES;
				CLANG_WARN_ENUM_CONVERSION = YES;
				CLANG_WARN_INFINITE_RECURSION = YES;
				CLANG_WARN_INT_CONVERSION = YES;
				CLANG_WARN_NON_LITERAL_NULL_CONVERSION = YES;
				CLANG_WARN_OBJC_IMPLICIT_RETAIN_SELF = YES;
				CLANG_WARN_OBJC_LITERAL_CONVERSION = YES;
				CLANG_WARN_OBJC_ROOT_CLASS = YES_ERROR;
				CLANG_WARN_QUOTED_INCLUDE_IN_FRAMEWORK_HEADER = YES;
				CLANG_WARN_RANGE_LOOP_ANALYSIS = YES;
				CLANG_WARN_STRICT_PROTOTYPES = YES;
				CLANG_WARN_SUSPICIOUS_MOVE = YES;
				CLANG_WARN_UNGUARDED_AVAILABILITY = YES_AGGRESSIVE;
				CLANG_WARN_UNREACHABLE_CODE = YES;
				CLANG_WARN__DUPLICATE_METHOD_MATCH = YES;
				COPY_PHASE_STRIP = NO;
				DEBUG_INFORMATION_FORMAT = "dwarf-with-dsym";
				ENABLE_NS_ASSERTIONS = NO;
				ENABLE_STRICT_OBJC_MSGSEND = YES;
				GCC_C_LANGUAGE_STANDARD = gnu11;
				GCC_NO_COMMON_BLOCKS = YES;
				GCC_WARN_64_TO_32_BIT_CONVERSION = YES;
				GCC_WARN_ABOUT_RETURN_TYPE = YES_ERROR;
				GCC_WARN_UNDECLARED_SELECTOR = YES;
				GCC_WARN_UNINITIALIZED_AUTOS = YES_AGGRESSIVE;
				GCC_WARN_UNUSED_FUNCTION = YES;
				GCC_WARN_UNUSED_VARIABLE = YES;
				IPHONEOS_DEPLOYMENT_TARGET = 14.2;
				MTL_ENABLE_DEBUG_INFO = NO;
				MTL_FAST_MATH = YES;
				SDKROOT = iphoneos;
				SWIFT_COMPILATION_MODE = wholemodule;
				SWIFT_OPTIMIZATION_LEVEL = "-O";
				VALIDATE_PRODUCT = YES;
			};
			name = Release;
		};
		FDFA17FF25A4C8D700611543 /* Debug */ = {
			isa = XCBuildConfiguration;
			buildSettings = {
				ASSETCATALOG_COMPILER_APPICON_NAME = AppIcon;
				ASSETCATALOG_COMPILER_GLOBAL_ACCENT_COLOR_NAME = AccentColor;
				CODE_SIGN_IDENTITY = "Apple Development";
				CODE_SIGN_STYLE = Automatic;
				DEVELOPMENT_TEAM = 3285H7CG36;
				INFOPLIST_FILE = MyWeatherApp/Info.plist;
				IPHONEOS_DEPLOYMENT_TARGET = 11.0;
				LD_RUNPATH_SEARCH_PATHS = (
					"$(inherited)",
					"@executable_path/Frameworks",
				);
				PRODUCT_BUNDLE_IDENTIFIER = com.MADHU.sample.MyWeatherApp;
				PRODUCT_NAME = "$(TARGET_NAME)";
				PROVISIONING_PROFILE_SPECIFIER = "";
				SWIFT_VERSION = 5.0;
				TARGETED_DEVICE_FAMILY = "1,2";
			};
			name = Debug;
		};
		FDFA180025A4C8D700611543 /* Release */ = {
			isa = XCBuildConfiguration;
			buildSettings = {
				ASSETCATALOG_COMPILER_APPICON_NAME = AppIcon;
				ASSETCATALOG_COMPILER_GLOBAL_ACCENT_COLOR_NAME = AccentColor;
				CODE_SIGN_IDENTITY = "Apple Development";
				CODE_SIGN_STYLE = Automatic;
				DEVELOPMENT_TEAM = 3285H7CG36;
				INFOPLIST_FILE = MyWeatherApp/Info.plist;
				IPHONEOS_DEPLOYMENT_TARGET = 11.0;
				LD_RUNPATH_SEARCH_PATHS = (
					"$(inherited)",
					"@executable_path/Frameworks",
				);
				PRODUCT_BUNDLE_IDENTIFIER = com.MADHU.sample.MyWeatherApp;
				PRODUCT_NAME = "$(TARGET_NAME)";
				PROVISIONING_PROFILE_SPECIFIER = "";
				SWIFT_VERSION = 5.0;
				TARGETED_DEVICE_FAMILY = "1,2";
			};
			name = Release;
		};
		FDFA180225A4C8D700611543 /* Debug */ = {
			isa = XCBuildConfiguration;
			buildSettings = {
				ALWAYS_EMBED_SWIFT_STANDARD_LIBRARIES = YES;
				BUNDLE_LOADER = "$(TEST_HOST)";
				CODE_SIGN_STYLE = Automatic;
				INFOPLIST_FILE = MyWeatherAppTests/Info.plist;
				IPHONEOS_DEPLOYMENT_TARGET = 14.2;
				LD_RUNPATH_SEARCH_PATHS = (
					"$(inherited)",
					"@executable_path/Frameworks",
					"@loader_path/Frameworks",
				);
				PRODUCT_BUNDLE_IDENTIFIER = com.MADHU.sample.MyWeatherAppTests;
				PRODUCT_NAME = "$(TARGET_NAME)";
				SWIFT_VERSION = 5.0;
				TARGETED_DEVICE_FAMILY = "1,2";
				TEST_HOST = "$(BUILT_PRODUCTS_DIR)/MyWeatherApp.app/MyWeatherApp";
			};
			name = Debug;
		};
		FDFA180325A4C8D700611543 /* Release */ = {
			isa = XCBuildConfiguration;
			buildSettings = {
				ALWAYS_EMBED_SWIFT_STANDARD_LIBRARIES = YES;
				BUNDLE_LOADER = "$(TEST_HOST)";
				CODE_SIGN_STYLE = Automatic;
				INFOPLIST_FILE = MyWeatherAppTests/Info.plist;
				IPHONEOS_DEPLOYMENT_TARGET = 14.2;
				LD_RUNPATH_SEARCH_PATHS = (
					"$(inherited)",
					"@executable_path/Frameworks",
					"@loader_path/Frameworks",
				);
				PRODUCT_BUNDLE_IDENTIFIER = com.MADHU.sample.MyWeatherAppTests;
				PRODUCT_NAME = "$(TARGET_NAME)";
				SWIFT_VERSION = 5.0;
				TARGETED_DEVICE_FAMILY = "1,2";
				TEST_HOST = "$(BUILT_PRODUCTS_DIR)/MyWeatherApp.app/MyWeatherApp";
			};
			name = Release;
		};
		FDFA180525A4C8D700611543 /* Debug */ = {
			isa = XCBuildConfiguration;
			buildSettings = {
				ALWAYS_EMBED_SWIFT_STANDARD_LIBRARIES = YES;
				CODE_SIGN_STYLE = Automatic;
				INFOPLIST_FILE = MyWeatherAppUITests/Info.plist;
				LD_RUNPATH_SEARCH_PATHS = (
					"$(inherited)",
					"@executable_path/Frameworks",
					"@loader_path/Frameworks",
				);
				PRODUCT_BUNDLE_IDENTIFIER = com.MADHU.sample.MyWeatherAppUITests;
				PRODUCT_NAME = "$(TARGET_NAME)";
				SWIFT_VERSION = 5.0;
				TARGETED_DEVICE_FAMILY = "1,2";
				TEST_TARGET_NAME = MyWeatherApp;
			};
			name = Debug;
		};
		FDFA180625A4C8D700611543 /* Release */ = {
			isa = XCBuildConfiguration;
			buildSettings = {
				ALWAYS_EMBED_SWIFT_STANDARD_LIBRARIES = YES;
				CODE_SIGN_STYLE = Automatic;
				INFOPLIST_FILE = MyWeatherAppUITests/Info.plist;
				LD_RUNPATH_SEARCH_PATHS = (
					"$(inherited)",
					"@executable_path/Frameworks",
					"@loader_path/Frameworks",
				);
				PRODUCT_BUNDLE_IDENTIFIER = com.MADHU.sample.MyWeatherAppUITests;
				PRODUCT_NAME = "$(TARGET_NAME)";
				SWIFT_VERSION = 5.0;
				TARGETED_DEVICE_FAMILY = "1,2";
				TEST_TARGET_NAME = MyWeatherApp;
			};
			name = Release;
		};
/* End XCBuildConfiguration section */

/* Begin XCConfigurationList section */
		FDFA17CC25A4C8D100611543 /* Build configuration list for PBXProject "MyWeatherApp" */ = {
			isa = XCConfigurationList;
			buildConfigurations = (
				FDFA17FC25A4C8D700611543 /* Debug */,
				FDFA17FD25A4C8D700611543 /* Release */,
			);
			defaultConfigurationIsVisible = 0;
			defaultConfigurationName = Release;
		};
		FDFA17FE25A4C8D700611543 /* Build configuration list for PBXNativeTarget "MyWeatherApp" */ = {
			isa = XCConfigurationList;
			buildConfigurations = (
				FDFA17FF25A4C8D700611543 /* Debug */,
				FDFA180025A4C8D700611543 /* Release */,
			);
			defaultConfigurationIsVisible = 0;
			defaultConfigurationName = Release;
		};
		FDFA180125A4C8D700611543 /* Build configuration list for PBXNativeTarget "MyWeatherAppTests" */ = {
			isa = XCConfigurationList;
			buildConfigurations = (
				FDFA180225A4C8D700611543 /* Debug */,
				FDFA180325A4C8D700611543 /* Release */,
			);
			defaultConfigurationIsVisible = 0;
			defaultConfigurationName = Release;
		};
		FDFA180425A4C8D700611543 /* Build configuration list for PBXNativeTarget "MyWeatherAppUITests" */ = {
			isa = XCConfigurationList;
			buildConfigurations = (
				FDFA180525A4C8D700611543 /* Debug */,
				FDFA180625A4C8D700611543 /* Release */,
			);
			defaultConfigurationIsVisible = 0;
			defaultConfigurationName = Release;
		};
/* End XCConfigurationList section */

/* Begin XCVersionGroup section */
		FDFA17DD25A4C8D100611543 /* MyWeatherApp.xcdatamodeld */ = {
			isa = XCVersionGroup;
			children = (
				FDF8348025A5B0DA00E250FE /* MyWeatherApp 2.xcdatamodel */,
				FDFA17DE25A4C8D100611543 /* MyWeatherApp.xcdatamodel */,
			);
			currentVersion = FDF8348025A5B0DA00E250FE /* MyWeatherApp 2.xcdatamodel */;
			path = MyWeatherApp.xcdatamodeld;
			sourceTree = "<group>";
			versionGroupType = wrapper.xcdatamodel;
		};
/* End XCVersionGroup section */
	};
	rootObject = FDFA17C925A4C8D100611543 /* Project object */;
}
